
Microsoft Visual Studio Solution File, Format Version 12.00
# Visual Studio Version 16
VisualStudioVersion = 16.0.29728.190
MinimumVisualStudioVersion = 10.0.40219.1
Project("{FAE04EC0-301F-11D3-BF4B-00C04F79EFBC}") = "bai2", "bai2\bai2.csproj", "{2814EBB5-D707-4DDB-93DE-AB1C504C2E3C}"
EndProject
Global
	GlobalSection(SolutionConfigurationPlatforms) = preSolution
		Debug|Any CPU = Debug|Any CPU
		Release|Any CPU = Release|Any CPU
	EndGlobalSection
	GlobalSection(ProjectConfigurationPlatforms) = postSolution
		{2814EBB5-D707-4DDB-93DE-AB1C504C2E3C}.Debug|Any CPU.ActiveCfg = Debug|Any CPU
		{2814EBB5-D707-4DDB-93DE-AB1C504C2E3C}.Debug|Any CPU.Build.0 = Debug|Any CPU
		{2814EBB5-D707-4DDB-93DE-AB1C504C2E3C}.Release|Any CPU.ActiveCfg = Release|Any CPU
		{2814EBB5-D707-4DDB-93DE-AB1C504C2E3C}.Release|Any CPU.Build.0 = Release|Any CPU
	EndGlobalSection
	GlobalSection(SolutionProperties) = preSolution
		HideSolutionNode = FALSE
	EndGlobalSection
	GlobalSection(ExtensibilityGlobals) = postSolution
		SolutionGuid = {5CE416B8-84E5-45C5-ACEF-E63D6E2B2AC8}
	EndGlobalSection
EndGlobal
